{
    "name": "nodedsa",
    "version": "1.2.0",
    "lockfileVersion": 2,
    "requires": true,
    "packages": {
        "": {
            "name": "nodedsa",
            "version": "1.2.0",
            "license": "MIT",
            "dependencies": {
                "nodexml": "*"
            }
        },
        "node_modules/nodexml": {
            "version": "1.0.2",
            "license": "MIT"
        }
    },
    "dependencies": {
        "nodexml": {
            "version": "1.0.2"
        }
    }
}
